
Microsoft Visual Studio Solution File, Format Version 12.00
# Visual Studio Version 17
VisualStudioVersion = 17.3.32901.215
MinimumVisualStudioVersion = 10.0.40219.1
Project("{8BC9CEB8-8B4A-11D0-8D11-00A0C91BC942}") = "SpiSimulationDemo", "SpiSimulationDemo\SpiSimulationDemo.vcxproj", "{B0E2B285-B2BA-4AB1-A220-76EC34FAAABF}"
EndProject
Global
	GlobalSection(SolutionConfigurationPlatforms) = preSolution
		Debug|x64 = Debug|x64
		Debug|x86 = Debug|x86
		Release|x64 = Release|x64
		Release|x86 = Release|x86
	EndGlobalSection
	GlobalSection(ProjectConfigurationPlatforms) = postSolution
		{B0E2B285-B2BA-4AB1-A220-76EC34FAAABF}.Debug|x64.ActiveCfg = Debug|x64
		{B0E2B285-B2BA-4AB1-A220-76EC34FAAABF}.Debug|x64.Build.0 = Debug|x64
		{B0E2B285-B2BA-4AB1-A220-76EC34FAAABF}.Debug|x86.ActiveCfg = Debug|Win32
		{B0E2B285-B2BA-4AB1-A220-76EC34FAAABF}.Debug|x86.Build.0 = Debug|Win32
		{B0E2B285-B2BA-4AB1-A220-76EC34FAAABF}.Release|x64.ActiveCfg = Release|x64
		{B0E2B285-B2BA-4AB1-A220-76EC34FAAABF}.Release|x64.Build.0 = Release|x64
		{B0E2B285-B2BA-4AB1-A220-76EC34FAAABF}.Release|x86.ActiveCfg = Release|Win32
		{B0E2B285-B2BA-4AB1-A220-76EC34FAAABF}.Release|x86.Build.0 = Release|Win32
	EndGlobalSection
	GlobalSection(SolutionProperties) = preSolution
		HideSolutionNode = FALSE
	EndGlobalSection
	GlobalSection(ExtensibilityGlobals) = postSolution
		SolutionGuid = {BAA7BCE2-A663-420A-8AB4-B419AFA37A9E}
	EndGlobalSection
EndGlobal
